
Microsoft Visual Studio Solution File, Format Version 12.00
# Visual Studio 15
VisualStudioVersion = 15.0.27703.2026
MinimumVisualStudioVersion = 10.0.40219.1
Project("{9A19103F-16F7-4668-BE54-9A1E7A4F7556}") = "CheckedExceptions", "src\CheckedExceptions\CheckedExceptions.csproj", "{ABB99AEF-284C-4C8A-9937-7B9A169F4E6A}"
EndProject
Project("{9A19103F-16F7-4668-BE54-9A1E7A4F7556}") = "CheckedExceptions.Test", "test\CheckedExceptions.Test\CheckedExceptions.Test.csproj", "{C9A59008-6422-4523-891C-EE53EBF15852}"
EndProject
Project("{FAE04EC0-301F-11D3-BF4B-00C04F79EFBC}") = "CheckedExceptions.Vsix", "src\CheckedExceptions.Vsix\CheckedExceptions.Vsix.csproj", "{25B8504E-719C-4F7E-881C-1231D32BB258}"
EndProject
Project("{9A19103F-16F7-4668-BE54-9A1E7A4F7556}") = "CheckedExceptions.Attributes", "src\CheckedExceptions.Attributes\CheckedExceptions.Attributes.csproj", "{CC4A6B39-59E1-4388-9B21-D57E626CFA8B}"
EndProject
Project("{9A19103F-16F7-4668-BE54-9A1E7A4F7556}") = "TestSources", "testdata\TestAssembly\TestSources.csproj", "{449752E7-3AA2-48C5-A2A2-21D2E30B10A2}"
EndProject
Project("{2150E333-8FDC-42A3-9474-1A3956D46DE8}") = "src", "src", "{D02971E0-C612-4CEF-8E4F-B91DA0D15664}"
EndProject
Project("{2150E333-8FDC-42A3-9474-1A3956D46DE8}") = "test", "test", "{02BE66B9-4412-4C34-8105-4B65B2C70449}"
EndProject
Project("{2150E333-8FDC-42A3-9474-1A3956D46DE8}") = "testdata", "testdata", "{CBC95289-11C1-4CAE-BA11-BD130A3C6175}"
EndProject
Global
	GlobalSection(SolutionConfigurationPlatforms) = preSolution
		Debug|Any CPU = Debug|Any CPU
		Release|Any CPU = Release|Any CPU
	EndGlobalSection
	GlobalSection(ProjectConfigurationPlatforms) = postSolution
		{ABB99AEF-284C-4C8A-9937-7B9A169F4E6A}.Debug|Any CPU.ActiveCfg = Debug|Any CPU
		{ABB99AEF-284C-4C8A-9937-7B9A169F4E6A}.Debug|Any CPU.Build.0 = Debug|Any CPU
		{ABB99AEF-284C-4C8A-9937-7B9A169F4E6A}.Release|Any CPU.ActiveCfg = Release|Any CPU
		{ABB99AEF-284C-4C8A-9937-7B9A169F4E6A}.Release|Any CPU.Build.0 = Release|Any CPU
		{C9A59008-6422-4523-891C-EE53EBF15852}.Debug|Any CPU.ActiveCfg = Debug|Any CPU
		{C9A59008-6422-4523-891C-EE53EBF15852}.Debug|Any CPU.Build.0 = Debug|Any CPU
		{C9A59008-6422-4523-891C-EE53EBF15852}.Release|Any CPU.ActiveCfg = Release|Any CPU
		{C9A59008-6422-4523-891C-EE53EBF15852}.Release|Any CPU.Build.0 = Release|Any CPU
		{25B8504E-719C-4F7E-881C-1231D32BB258}.Debug|Any CPU.ActiveCfg = Debug|Any CPU
		{25B8504E-719C-4F7E-881C-1231D32BB258}.Debug|Any CPU.Build.0 = Debug|Any CPU
		{25B8504E-719C-4F7E-881C-1231D32BB258}.Release|Any CPU.ActiveCfg = Release|Any CPU
		{25B8504E-719C-4F7E-881C-1231D32BB258}.Release|Any CPU.Build.0 = Release|Any CPU
		{CC4A6B39-59E1-4388-9B21-D57E626CFA8B}.Debug|Any CPU.ActiveCfg = Debug|Any CPU
		{CC4A6B39-59E1-4388-9B21-D57E626CFA8B}.Debug|Any CPU.Build.0 = Debug|Any CPU
		{CC4A6B39-59E1-4388-9B21-D57E626CFA8B}.Release|Any CPU.ActiveCfg = Release|Any CPU
		{CC4A6B39-59E1-4388-9B21-D57E626CFA8B}.Release|Any CPU.Build.0 = Release|Any CPU
		{449752E7-3AA2-48C5-A2A2-21D2E30B10A2}.Debug|Any CPU.ActiveCfg = Debug|Any CPU
		{449752E7-3AA2-48C5-A2A2-21D2E30B10A2}.Debug|Any CPU.Build.0 = Debug|Any CPU
		{449752E7-3AA2-48C5-A2A2-21D2E30B10A2}.Release|Any CPU.ActiveCfg = Release|Any CPU
		{449752E7-3AA2-48C5-A2A2-21D2E30B10A2}.Release|Any CPU.Build.0 = Release|Any CPU
	EndGlobalSection
	GlobalSection(SolutionProperties) = preSolution
		HideSolutionNode = FALSE
	EndGlobalSection
	GlobalSection(NestedProjects) = preSolution
		{ABB99AEF-284C-4C8A-9937-7B9A169F4E6A} = {D02971E0-C612-4CEF-8E4F-B91DA0D15664}
		{C9A59008-6422-4523-891C-EE53EBF15852} = {02BE66B9-4412-4C34-8105-4B65B2C70449}
		{25B8504E-719C-4F7E-881C-1231D32BB258} = {D02971E0-C612-4CEF-8E4F-B91DA0D15664}
		{CC4A6B39-59E1-4388-9B21-D57E626CFA8B} = {D02971E0-C612-4CEF-8E4F-B91DA0D15664}
		{449752E7-3AA2-48C5-A2A2-21D2E30B10A2} = {CBC95289-11C1-4CAE-BA11-BD130A3C6175}
	EndGlobalSection
	GlobalSection(ExtensibilityGlobals) = postSolution
		SolutionGuid = {BA6A8CE6-58B9-4811-B36E-DFEF7233686F}
	EndGlobalSection
EndGlobal
