
Microsoft Visual Studio Solution File, Format Version 12.00
# Visual Studio 15
VisualStudioVersion = 15.0.27703.2026
MinimumVisualStudioVersion = 10.0.40219.1
Project("{FAE04EC0-301F-11D3-BF4B-00C04F79EFBC}") = "TestAssembly", "TestAssembly\TestAssembly.csproj", "{7FD18479-7158-47D9-AE91-D9DD503C3583}"
EndProject
Global
	GlobalSection(SolutionConfigurationPlatforms) = preSolution
		Debug|Any CPU = Debug|Any CPU
		Release|Any CPU = Release|Any CPU
	EndGlobalSection
	GlobalSection(ProjectConfigurationPlatforms) = postSolution
		{7FD18479-7158-47D9-AE91-D9DD503C3583}.Debug|Any CPU.ActiveCfg = Debug|Any CPU
		{7FD18479-7158-47D9-AE91-D9DD503C3583}.Debug|Any CPU.Build.0 = Debug|Any CPU
		{7FD18479-7158-47D9-AE91-D9DD503C3583}.Release|Any CPU.ActiveCfg = Release|Any CPU
		{7FD18479-7158-47D9-AE91-D9DD503C3583}.Release|Any CPU.Build.0 = Release|Any CPU
	EndGlobalSection
	GlobalSection(SolutionProperties) = preSolution
		HideSolutionNode = FALSE
	EndGlobalSection
	GlobalSection(ExtensibilityGlobals) = postSolution
		SolutionGuid = {D40F7EA7-374D-4A23-A17F-CE7010B5C874}
	EndGlobalSection
EndGlobal
