
Microsoft Visual Studio Solution File, Format Version 12.00
# Visual Studio 15
VisualStudioVersion = 15.0.27703.2026
MinimumVisualStudioVersion = 10.0.40219.1
Project("{9A19103F-16F7-4668-BE54-9A1E7A4F7556}") = "TestSources", "TestAssembly\TestSources.csproj", "{F22AD2A9-26FA-4897-A707-BF0CFA2BB151}"
EndProject
Global
	GlobalSection(SolutionConfigurationPlatforms) = preSolution
		Debug|Any CPU = Debug|Any CPU
		Release|Any CPU = Release|Any CPU
	EndGlobalSection
	GlobalSection(ProjectConfigurationPlatforms) = postSolution
		{F22AD2A9-26FA-4897-A707-BF0CFA2BB151}.Debug|Any CPU.ActiveCfg = Debug|Any CPU
		{F22AD2A9-26FA-4897-A707-BF0CFA2BB151}.Debug|Any CPU.Build.0 = Debug|Any CPU
		{F22AD2A9-26FA-4897-A707-BF0CFA2BB151}.Release|Any CPU.ActiveCfg = Release|Any CPU
		{F22AD2A9-26FA-4897-A707-BF0CFA2BB151}.Release|Any CPU.Build.0 = Release|Any CPU
	EndGlobalSection
	GlobalSection(SolutionProperties) = preSolution
		HideSolutionNode = FALSE
	EndGlobalSection
	GlobalSection(ExtensibilityGlobals) = postSolution
		SolutionGuid = {D40F7EA7-374D-4A23-A17F-CE7010B5C874}
	EndGlobalSection
EndGlobal
